github.com/golang/protobuf v1.3.1 h1:YF8+flBXS5eO826T4nzqPrxfhQThhXl0YzfuUPu4SBg=
github.com/golang/protobuf v1.3.1/go.mod h1:6lQm79b+lXiMfvg/cZm0SGofjICqVBUtrP5yJMmIC1U=
github.com/pyting/protobuf v1.3.2 h1:hhEmoFeZhYeoKhK5f+yI88Pz3oCAzZRXACSyPsBq2U8=
github.com/pyting/protobuf v1.3.2/go.mod h1:6qmlqrDovyTOysnbutO4mJfAPbdwldZR3JMwM7rnDh0=
